Microsoft Visual Studio Solution File, Format Version 12.00
# Visual Studio 14
VisualStudioVersion = 14.0.23107.0
MinimumVisualStudioVersion = 10.0.40219.1
Project("{FAE04EC0-301F-11D3-BF4B-00C04F79EFBC}") = "iSpy64", "iSpy64.csproj", "{F4799C73-DEE9-48F2-B626-32149CC30976}"
EndProject
Project("{930C7802-8A8C-48F9-8165-68863BCCD9DD}") = "iSpy64Setup", "Wix\iSpy64\iSpy64Setup.wixproj", "{4B65A69E-D1A7-47FC-AD92-12DC18F526CE}"
	ProjectSection(ProjectDependencies) = postProject
		{F4799C73-DEE9-48F2-B626-32149CC30976} = {F4799C73-DEE9-48F2-B626-32149CC30976}
	EndProjectSection
EndProject
Global
	GlobalSection(SolutionConfigurationPlatforms) = preSolution
		CD_ROM|Any CPU = CD_ROM|Any CPU
		CD_ROM|Mixed Platforms = CD_ROM|Mixed Platforms
		CD_ROM|Win32 = CD_ROM|Win32
		CD_ROM|x64 = CD_ROM|x64
		CD_ROM|x86 = CD_ROM|x86
		Debug|Any CPU = Debug|Any CPU
		Debug|Mixed Platforms = Debug|Mixed Platforms
		Debug|Win32 = Debug|Win32
		Debug|x64 = Debug|x64
		Debug|x86 = Debug|x86
		DVD-5|Any CPU = DVD-5|Any CPU
		DVD-5|Mixed Platforms = DVD-5|Mixed Platforms
		DVD-5|Win32 = DVD-5|Win32
		DVD-5|x64 = DVD-5|x64
		DVD-5|x86 = DVD-5|x86
		Release|Any CPU = Release|Any CPU
		Release|Mixed Platforms = Release|Mixed Platforms
		Release|Win32 = Release|Win32
		Release|x64 = Release|x64
		Release|x86 = Release|x86
		SingleImage|Any CPU = SingleImage|Any CPU
		SingleImage|Mixed Platforms = SingleImage|Mixed Platforms
		SingleImage|Win32 = SingleImage|Win32
		SingleImage|x64 = SingleImage|x64
		SingleImage|x86 = SingleImage|x86
	EndGlobalSection
	GlobalSection(ProjectConfigurationPlatforms) = postSolution
		{F4799C73-DEE9-48F2-B626-32149CC30976}.CD_ROM|Any CPU.ActiveCfg = Release|x86
		{F4799C73-DEE9-48F2-B626-32149CC30976}.CD_ROM|Mixed Platforms.ActiveCfg = Release|x86
		{F4799C73-DEE9-48F2-B626-32149CC30976}.CD_ROM|Mixed Platforms.Build.0 = Release|x86
		{F4799C73-DEE9-48F2-B626-32149CC30976}.CD_ROM|Win32.ActiveCfg = Release|x86
		{F4799C73-DEE9-48F2-B626-32149CC30976}.CD_ROM|x64.ActiveCfg = Release|x86
		{F4799C73-DEE9-48F2-B626-32149CC30976}.CD_ROM|x86.ActiveCfg = Release|x86
		{F4799C73-DEE9-48F2-B626-32149CC30976}.CD_ROM|x86.Build.0 = Release|x86
		{F4799C73-DEE9-48F2-B626-32149CC30976}.Debug|Any CPU.ActiveCfg = Debug|Any CPU
		{F4799C73-DEE9-48F2-B626-32149CC30976}.Debug|Any CPU.Build.0 = Debug|Any CPU
		{F4799C73-DEE9-48F2-B626-32149CC30976}.Debug|Mixed Platforms.ActiveCfg = Debug|x64
		{F4799C73-DEE9-48F2-B626-32149CC30976}.Debug|Mixed Platforms.Build.0 = Debug|x64
		{F4799C73-DEE9-48F2-B626-32149CC30976}.Debug|Win32.ActiveCfg = Debug|x86
		{F4799C73-DEE9-48F2-B626-32149CC30976}.Debug|x64.ActiveCfg = Debug|x64
		{F4799C73-DEE9-48F2-B626-32149CC30976}.Debug|x64.Build.0 = Debug|x64
		{F4799C73-DEE9-48F2-B626-32149CC30976}.Debug|x86.ActiveCfg = Debug|x86
		{F4799C73-DEE9-48F2-B626-32149CC30976}.Debug|x86.Build.0 = Debug|x86
		{F4799C73-DEE9-48F2-B626-32149CC30976}.DVD-5|Any CPU.ActiveCfg = Debug|x86
		{F4799C73-DEE9-48F2-B626-32149CC30976}.DVD-5|Mixed Platforms.ActiveCfg = Debug|x86
		{F4799C73-DEE9-48F2-B626-32149CC30976}.DVD-5|Mixed Platforms.Build.0 = Debug|x86
		{F4799C73-DEE9-48F2-B626-32149CC30976}.DVD-5|Win32.ActiveCfg = Debug|x86
		{F4799C73-DEE9-48F2-B626-32149CC30976}.DVD-5|x64.ActiveCfg = Debug|x86
		{F4799C73-DEE9-48F2-B626-32149CC30976}.DVD-5|x86.ActiveCfg = Debug|x86
		{F4799C73-DEE9-48F2-B626-32149CC30976}.DVD-5|x86.Build.0 = Debug|x86
		{F4799C73-DEE9-48F2-B626-32149CC30976}.Release|Any CPU.ActiveCfg = Release|Any CPU
		{F4799C73-DEE9-48F2-B626-32149CC30976}.Release|Any CPU.Build.0 = Release|Any CPU
		{F4799C73-DEE9-48F2-B626-32149CC30976}.Release|Mixed Platforms.ActiveCfg = Release|x64
		{F4799C73-DEE9-48F2-B626-32149CC30976}.Release|Mixed Platforms.Build.0 = Release|x64
		{F4799C73-DEE9-48F2-B626-32149CC30976}.Release|Win32.ActiveCfg = Release|x86
		{F4799C73-DEE9-48F2-B626-32149CC30976}.Release|x64.ActiveCfg = Release|x64
		{F4799C73-DEE9-48F2-B626-32149CC30976}.Release|x64.Build.0 = Release|x64
		{F4799C73-DEE9-48F2-B626-32149CC30976}.Release|x86.ActiveCfg = Release|x86
		{F4799C73-DEE9-48F2-B626-32149CC30976}.Release|x86.Build.0 = Release|x86
		{F4799C73-DEE9-48F2-B626-32149CC30976}.SingleImage|Any CPU.ActiveCfg = Release|x86
		{F4799C73-DEE9-48F2-B626-32149CC30976}.SingleImage|Mixed Platforms.ActiveCfg = Release|x86
		{F4799C73-DEE9-48F2-B626-32149CC30976}.SingleImage|Mixed Platforms.Build.0 = Release|x86
		{F4799C73-DEE9-48F2-B626-32149CC30976}.SingleImage|Win32.ActiveCfg = Release|x86
		{F4799C73-DEE9-48F2-B626-32149CC30976}.SingleImage|x64.ActiveCfg = Release|x86
		{F4799C73-DEE9-48F2-B626-32149CC30976}.SingleImage|x86.ActiveCfg = Release|x86
		{F4799C73-DEE9-48F2-B626-32149CC30976}.SingleImage|x86.Build.0 = Release|x86
		{4B65A69E-D1A7-47FC-AD92-12DC18F526CE}.CD_ROM|Any CPU.ActiveCfg = Release|x86
		{4B65A69E-D1A7-47FC-AD92-12DC18F526CE}.CD_ROM|Any CPU.Build.0 = Release|x86
		{4B65A69E-D1A7-47FC-AD92-12DC18F526CE}.CD_ROM|Mixed Platforms.ActiveCfg = Release|x86
		{4B65A69E-D1A7-47FC-AD92-12DC18F526CE}.CD_ROM|Mixed Platforms.Build.0 = Release|x86
		{4B65A69E-D1A7-47FC-AD92-12DC18F526CE}.CD_ROM|Win32.ActiveCfg = Release|x86
		{4B65A69E-D1A7-47FC-AD92-12DC18F526CE}.CD_ROM|Win32.Build.0 = Release|x86
		{4B65A69E-D1A7-47FC-AD92-12DC18F526CE}.CD_ROM|x64.ActiveCfg = Release|x86
		{4B65A69E-D1A7-47FC-AD92-12DC18F526CE}.CD_ROM|x64.Build.0 = Release|x86
		{4B65A69E-D1A7-47FC-AD92-12DC18F526CE}.CD_ROM|x86.ActiveCfg = Release|x86
		{4B65A69E-D1A7-47FC-AD92-12DC18F526CE}.CD_ROM|x86.Build.0 = Release|x86
		{4B65A69E-D1A7-47FC-AD92-12DC18F526CE}.Debug|Any CPU.ActiveCfg = Debug|x86
		{4B65A69E-D1A7-47FC-AD92-12DC18F526CE}.Debug|Mixed Platforms.ActiveCfg = Debug|x86
		{4B65A69E-D1A7-47FC-AD92-12DC18F526CE}.Debug|Mixed Platforms.Build.0 = Debug|x86
		{4B65A69E-D1A7-47FC-AD92-12DC18F526CE}.Debug|Win32.ActiveCfg = Debug|x86
		{4B65A69E-D1A7-47FC-AD92-12DC18F526CE}.Debug|Win32.Build.0 = Debug|x86
		{4B65A69E-D1A7-47FC-AD92-12DC18F526CE}.Debug|x64.ActiveCfg = Debug|x86
		{4B65A69E-D1A7-47FC-AD92-12DC18F526CE}.Debug|x86.ActiveCfg = Debug|x86
		{4B65A69E-D1A7-47FC-AD92-12DC18F526CE}.Debug|x86.Build.0 = Debug|x86
		{4B65A69E-D1A7-47FC-AD92-12DC18F526CE}.DVD-5|Any CPU.ActiveCfg = Release|x86
		{4B65A69E-D1A7-47FC-AD92-12DC18F526CE}.DVD-5|Any CPU.Build.0 = Release|x86
		{4B65A69E-D1A7-47FC-AD92-12DC18F526CE}.DVD-5|Mixed Platforms.ActiveCfg = Debug|x86
		{4B65A69E-D1A7-47FC-AD92-12DC18F526CE}.DVD-5|Mixed Platforms.Build.0 = Debug|x86
		{4B65A69E-D1A7-47FC-AD92-12DC18F526CE}.DVD-5|Win32.ActiveCfg = Debug|x86
		{4B65A69E-D1A7-47FC-AD92-12DC18F526CE}.DVD-5|Win32.Build.0 = Debug|x86
		{4B65A69E-D1A7-47FC-AD92-12DC18F526CE}.DVD-5|x64.ActiveCfg = Release|x86
		{4B65A69E-D1A7-47FC-AD92-12DC18F526CE}.DVD-5|x64.Build.0 = Release|x86
		{4B65A69E-D1A7-47FC-AD92-12DC18F526CE}.DVD-5|x86.ActiveCfg = Debug|x86
		{4B65A69E-D1A7-47FC-AD92-12DC18F526CE}.DVD-5|x86.Build.0 = Debug|x86
		{4B65A69E-D1A7-47FC-AD92-12DC18F526CE}.Release|Any CPU.ActiveCfg = Release|x86
		{4B65A69E-D1A7-47FC-AD92-12DC18F526CE}.Release|Mixed Platforms.ActiveCfg = Release|x86
		{4B65A69E-D1A7-47FC-AD92-12DC18F526CE}.Release|Mixed Platforms.Build.0 = Release|x86
		{4B65A69E-D1A7-47FC-AD92-12DC18F526CE}.Release|Win32.ActiveCfg = Release|x86
		{4B65A69E-D1A7-47FC-AD92-12DC18F526CE}.Release|Win32.Build.0 = Release|x86
		{4B65A69E-D1A7-47FC-AD92-12DC18F526CE}.Release|x64.ActiveCfg = Release|x86
		{4B65A69E-D1A7-47FC-AD92-12DC18F526CE}.Release|x86.ActiveCfg = Release|x86
		{4B65A69E-D1A7-47FC-AD92-12DC18F526CE}.Release|x86.Build.0 = Release|x86
		{4B65A69E-D1A7-47FC-AD92-12DC18F526CE}.SingleImage|Any CPU.ActiveCfg = Release|x86
		{4B65A69E-D1A7-47FC-AD92-12DC18F526CE}.SingleImage|Any CPU.Build.0 = Release|x86
		{4B65A69E-D1A7-47FC-AD92-12DC18F526CE}.SingleImage|Mixed Platforms.ActiveCfg = Release|x86
		{4B65A69E-D1A7-47FC-AD92-12DC18F526CE}.SingleImage|Mixed Platforms.Build.0 = Release|x86
		{4B65A69E-D1A7-47FC-AD92-12DC18F526CE}.SingleImage|Win32.ActiveCfg = Release|x86
		{4B65A69E-D1A7-47FC-AD92-12DC18F526CE}.SingleImage|Win32.Build.0 = Release|x86
		{4B65A69E-D1A7-47FC-AD92-12DC18F526CE}.SingleImage|x64.ActiveCfg = Release|x86
		{4B65A69E-D1A7-47FC-AD92-12DC18F526CE}.SingleImage|x64.Build.0 = Release|x86
		{4B65A69E-D1A7-47FC-AD92-12DC18F526CE}.SingleImage|x86.ActiveCfg = Release|x86
		{4B65A69E-D1A7-47FC-AD92-12DC18F526CE}.SingleImage|x86.Build.0 = Release|x86
	EndGlobalSection
	GlobalSection(SolutionProperties) = preSolution
		HideSolutionNode = FALSE
	EndGlobalSection
EndGlobal
