Microsoft Visual Studio Solution File, Format Version 12.00
# Visual Studio 15
VisualStudioVersion = 15.0.28307.1169
MinimumVisualStudioVersion = 10.0.40219.1
Project("{FAE04EC0-301F-11D3-BF4B-00C04F79EFBC}") = "iSpy", "iSpy.csproj", "{F4799C73-DEE9-48F2-B626-32149CC30976}"
EndProject
Project("{930C7802-8A8C-48F9-8165-68863BCCD9DD}") = "iSpySetup", "Wix\iSpy\iSpySetup.wixproj", "{5783B777-EF53-4651-AD1B-F4F3C105D3F9}"
	ProjectSection(ProjectDependencies) = postProject
		{27624167-C034-4349-B30F-CD18934D8737} = {27624167-C034-4349-B30F-CD18934D8737}
		{F4799C73-DEE9-48F2-B626-32149CC30976} = {F4799C73-DEE9-48F2-B626-32149CC30976}
	EndProjectSection
EndProject
Project("{930C7802-8A8C-48F9-8165-68863BCCD9DD}") = "Bootstrap", "Wix\Bootstrap\Bootstrap.wixproj", "{833F6888-A557-48A9-83A8-FA6D0BF691A3}"
	ProjectSection(ProjectDependencies) = postProject
		{27624167-C034-4349-B30F-CD18934D8737} = {27624167-C034-4349-B30F-CD18934D8737}
		{F4799C73-DEE9-48F2-B626-32149CC30976} = {F4799C73-DEE9-48F2-B626-32149CC30976}
		{5783B777-EF53-4651-AD1B-F4F3C105D3F9} = {5783B777-EF53-4651-AD1B-F4F3C105D3F9}
	EndProjectSection
EndProject
Project("{FAE04EC0-301F-11D3-BF4B-00C04F79EFBC}") = "WixCA", "Wix\WixCA\WixCA.csproj", "{27624167-C034-4349-B30F-CD18934D8737}"
EndProject
Project("{FAE04EC0-301F-11D3-BF4B-00C04F79EFBC}") = "iSpyMonitor", "iSpyMonitor\iSpyMonitor.csproj", "{949FACB4-C156-4EFE-93B4-654CA8794DE5}"
EndProject
Global
	GlobalSection(SolutionConfigurationPlatforms) = preSolution
		Debug|Any CPU = Debug|Any CPU
		Debug|x64 = Debug|x64
		Debug|x86 = Debug|x86
		Release|Any CPU = Release|Any CPU
		Release|x64 = Release|x64
		Release|x86 = Release|x86
	EndGlobalSection
	GlobalSection(ProjectConfigurationPlatforms) = postSolution
		{F4799C73-DEE9-48F2-B626-32149CC30976}.Debug|Any CPU.ActiveCfg = Debug|x64
		{F4799C73-DEE9-48F2-B626-32149CC30976}.Debug|Any CPU.Build.0 = Debug|x64
		{F4799C73-DEE9-48F2-B626-32149CC30976}.Debug|x64.ActiveCfg = Debug|x64
		{F4799C73-DEE9-48F2-B626-32149CC30976}.Debug|x64.Build.0 = Debug|x64
		{F4799C73-DEE9-48F2-B626-32149CC30976}.Debug|x86.ActiveCfg = Debug|x64
		{F4799C73-DEE9-48F2-B626-32149CC30976}.Debug|x86.Build.0 = Debug|x64
		{F4799C73-DEE9-48F2-B626-32149CC30976}.Release|Any CPU.ActiveCfg = Debug|x64
		{F4799C73-DEE9-48F2-B626-32149CC30976}.Release|Any CPU.Build.0 = Debug|x64
		{F4799C73-DEE9-48F2-B626-32149CC30976}.Release|x64.ActiveCfg = Debug|x64
		{F4799C73-DEE9-48F2-B626-32149CC30976}.Release|x64.Build.0 = Debug|x64
		{F4799C73-DEE9-48F2-B626-32149CC30976}.Release|x86.ActiveCfg = Debug|x64
		{F4799C73-DEE9-48F2-B626-32149CC30976}.Release|x86.Build.0 = Debug|x64
		{5783B777-EF53-4651-AD1B-F4F3C105D3F9}.Debug|Any CPU.ActiveCfg = Debug|x86
		{5783B777-EF53-4651-AD1B-F4F3C105D3F9}.Debug|x64.ActiveCfg = Debug|x86
		{5783B777-EF53-4651-AD1B-F4F3C105D3F9}.Debug|x64.Build.0 = Debug|x64
		{5783B777-EF53-4651-AD1B-F4F3C105D3F9}.Debug|x86.ActiveCfg = Debug|x86
		{5783B777-EF53-4651-AD1B-F4F3C105D3F9}.Debug|x86.Build.0 = Debug|x86
		{5783B777-EF53-4651-AD1B-F4F3C105D3F9}.Release|Any CPU.ActiveCfg = Debug|x86
		{5783B777-EF53-4651-AD1B-F4F3C105D3F9}.Release|x64.ActiveCfg = Debug|x86
		{5783B777-EF53-4651-AD1B-F4F3C105D3F9}.Release|x64.Build.0 = Release|x64
		{5783B777-EF53-4651-AD1B-F4F3C105D3F9}.Release|x86.ActiveCfg = Debug|x86
		{5783B777-EF53-4651-AD1B-F4F3C105D3F9}.Release|x86.Build.0 = Release|x86
		{833F6888-A557-48A9-83A8-FA6D0BF691A3}.Debug|Any CPU.ActiveCfg = Debug|x86
		{833F6888-A557-48A9-83A8-FA6D0BF691A3}.Debug|x64.ActiveCfg = Debug|x86
		{833F6888-A557-48A9-83A8-FA6D0BF691A3}.Debug|x64.Build.0 = Debug|x64
		{833F6888-A557-48A9-83A8-FA6D0BF691A3}.Debug|x86.ActiveCfg = Debug|x86
		{833F6888-A557-48A9-83A8-FA6D0BF691A3}.Debug|x86.Build.0 = Debug|x86
		{833F6888-A557-48A9-83A8-FA6D0BF691A3}.Release|Any CPU.ActiveCfg = Debug|x86
		{833F6888-A557-48A9-83A8-FA6D0BF691A3}.Release|x64.ActiveCfg = Debug|x86
		{833F6888-A557-48A9-83A8-FA6D0BF691A3}.Release|x64.Build.0 = Release|x64
		{833F6888-A557-48A9-83A8-FA6D0BF691A3}.Release|x86.ActiveCfg = Debug|x86
		{833F6888-A557-48A9-83A8-FA6D0BF691A3}.Release|x86.Build.0 = Release|x86
		{27624167-C034-4349-B30F-CD18934D8737}.Debug|Any CPU.ActiveCfg = Debug|x86
		{27624167-C034-4349-B30F-CD18934D8737}.Debug|x64.ActiveCfg = Debug|x86
		{27624167-C034-4349-B30F-CD18934D8737}.Debug|x64.Build.0 = Debug|x86
		{27624167-C034-4349-B30F-CD18934D8737}.Debug|x86.ActiveCfg = Debug|x86
		{27624167-C034-4349-B30F-CD18934D8737}.Debug|x86.Build.0 = Debug|x86
		{27624167-C034-4349-B30F-CD18934D8737}.Release|Any CPU.ActiveCfg = Debug|x86
		{27624167-C034-4349-B30F-CD18934D8737}.Release|x64.ActiveCfg = Debug|x86
		{27624167-C034-4349-B30F-CD18934D8737}.Release|x64.Build.0 = Release|x86
		{27624167-C034-4349-B30F-CD18934D8737}.Release|x86.ActiveCfg = Debug|x86
		{27624167-C034-4349-B30F-CD18934D8737}.Release|x86.Build.0 = Release|x86
		{949FACB4-C156-4EFE-93B4-654CA8794DE5}.Debug|Any CPU.ActiveCfg = Debug|x86
		{949FACB4-C156-4EFE-93B4-654CA8794DE5}.Debug|x64.ActiveCfg = Debug|x86
		{949FACB4-C156-4EFE-93B4-654CA8794DE5}.Debug|x86.ActiveCfg = Debug|x86
		{949FACB4-C156-4EFE-93B4-654CA8794DE5}.Debug|x86.Build.0 = Debug|x86
		{949FACB4-C156-4EFE-93B4-654CA8794DE5}.Release|Any CPU.ActiveCfg = Debug|x86
		{949FACB4-C156-4EFE-93B4-654CA8794DE5}.Release|x64.ActiveCfg = Debug|x86
		{949FACB4-C156-4EFE-93B4-654CA8794DE5}.Release|x86.ActiveCfg = Debug|x86
		{949FACB4-C156-4EFE-93B4-654CA8794DE5}.Release|x86.Build.0 = Release|x86
	EndGlobalSection
	GlobalSection(SolutionProperties) = preSolution
		HideSolutionNode = FALSE
	EndGlobalSection
	GlobalSection(ExtensibilityGlobals) = postSolution
		SolutionGuid = {A6A7F042-C29B-4A3B-A917-851E335C0E07}
	EndGlobalSection
EndGlobal
